
Microsoft Visual Studio Solution File, Format Version 12.00
# Visual Studio 15
Project("{FAE04EC0-301F-11D3-BF4B-00C04F79EFBC}") = "UnityEngine.TestRunner", "UnityEngine.TestRunner.csproj", "{F367CC2B-6C51-556D-3FB0-A9054A6F83C9}"
EndProject
Project("{FAE04EC0-301F-11D3-BF4B-00C04F79EFBC}") = "Unity.Mathematics", "Unity.Mathematics.csproj", "{BB094C47-D511-04DC-2B2F-61DED0FAFE6F}"
EndProject
Project("{FAE04EC0-301F-11D3-BF4B-00C04F79EFBC}") = "Unity.2D.Animation.Triangle.Runtime", "Unity.2D.Animation.Triangle.Runtime.csproj", "{1B37B586-7E71-01C4-957A-286305982B34}"
EndProject
Project("{FAE04EC0-301F-11D3-BF4B-00C04F79EFBC}") = "Unity.Timeline", "Unity.Timeline.csproj", "{075255AA-243C-B4AA-72C1-69EFA4124BE2}"
EndProject
Project("{FAE04EC0-301F-11D3-BF4B-00C04F79EFBC}") = "UnityEngine.UI", "UnityEngine.UI.csproj", "{C8C31545-DD2F-9AD2-B96A-0E2E07658763}"
EndProject
Project("{FAE04EC0-301F-11D3-BF4B-00C04F79EFBC}") = "Unity.TextMeshPro", "Unity.TextMeshPro.csproj", "{5A5047F2-BBDE-3B27-E921-B76FD53479B5}"
EndProject
Project("{FAE04EC0-301F-11D3-BF4B-00C04F79EFBC}") = "Unity.2D.Animation.Runtime", "Unity.2D.Animation.Runtime.csproj", "{413058CB-EF74-2D61-23CB-29CE97580DC6}"
EndProject
Project("{FAE04EC0-301F-11D3-BF4B-00C04F79EFBC}") = "Unity.2D.IK.Runtime", "Unity.2D.IK.Runtime.csproj", "{B76412D5-7082-A2CF-7A02-76A5E1FDFD9B}"
EndProject
Project("{FAE04EC0-301F-11D3-BF4B-00C04F79EFBC}") = "Unity.2D.SpriteShape.Runtime", "Unity.2D.SpriteShape.Runtime.csproj", "{C807622C-1510-4F64-A9F0-9DC4964266E0}"
EndProject
Project("{FAE04EC0-301F-11D3-BF4B-00C04F79EFBC}") = "Unity.2D.PixelPerfect", "Unity.2D.PixelPerfect.csproj", "{04543D9E-C982-FA97-858C-65EBE2DFDFBA}"
EndProject
Project("{FAE04EC0-301F-11D3-BF4B-00C04F79EFBC}") = "Assembly-CSharp", "Assembly-CSharp.csproj", "{238729E6-F7DC-565A-77C1-B4995DB0BA0B}"
EndProject
Project("{FAE04EC0-301F-11D3-BF4B-00C04F79EFBC}") = "Unity.2D.Common.Runtime", "Unity.2D.Common.Runtime.csproj", "{1D47A6BA-9692-0CBE-016B-48C991034012}"
EndProject
Project("{FAE04EC0-301F-11D3-BF4B-00C04F79EFBC}") = "Unity.InternalAPIEngineBridge.001", "Unity.InternalAPIEngineBridge.001.csproj", "{0C175B99-A870-941E-1FFA-4BC731D35590}"
EndProject
Project("{FAE04EC0-301F-11D3-BF4B-00C04F79EFBC}") = "UnityEditor.TestRunner", "UnityEditor.TestRunner.csproj", "{18C7CCB3-2172-3855-9E44-51FE8E9E68BE}"
EndProject
Project("{FAE04EC0-301F-11D3-BF4B-00C04F79EFBC}") = "Unity.PlasticSCM.Editor", "Unity.PlasticSCM.Editor.csproj", "{80AE4324-9501-564C-0B2D-18C6C7979D4D}"
EndProject
Project("{FAE04EC0-301F-11D3-BF4B-00C04F79EFBC}") = "UnityEditor.UI", "UnityEditor.UI.csproj", "{7831FFF1-C647-5A33-D227-ED5DE65FAFDE}"
EndProject
Project("{FAE04EC0-301F-11D3-BF4B-00C04F79EFBC}") = "Unity.Services.Core.Editor", "Unity.Services.Core.Editor.csproj", "{0DF8877D-F079-8D61-CBB3-426967EC77B2}"
EndProject
Project("{FAE04EC0-301F-11D3-BF4B-00C04F79EFBC}") = "Unity.Timeline.Editor", "Unity.Timeline.Editor.csproj", "{2352B104-D133-7EF6-1A81-73F8AA50830B}"
EndProject
Project("{FAE04EC0-301F-11D3-BF4B-00C04F79EFBC}") = "Unity.VisualStudio.Editor", "Unity.VisualStudio.Editor.csproj", "{7A3FCE9B-714F-1A35-289C-5FF9D469A198}"
EndProject
Project("{FAE04EC0-301F-11D3-BF4B-00C04F79EFBC}") = "Unity.2D.Psdimporter.Editor", "Unity.2D.Psdimporter.Editor.csproj", "{C0BBAA50-7501-C45D-8E27-5AED8D6DF84D}"
EndProject
Project("{FAE04EC0-301F-11D3-BF4B-00C04F79EFBC}") = "Unity.2D.Animation.Editor", "Unity.2D.Animation.Editor.csproj", "{1551BC4F-82B9-91F8-1F0E-0EBD754FB74C}"
EndProject
Project("{FAE04EC0-301F-11D3-BF4B-00C04F79EFBC}") = "Unity.TextMeshPro.Editor", "Unity.TextMeshPro.Editor.csproj", "{EEEF52CB-F7B9-D507-2CC8-C5D55C79D832}"
EndProject
Project("{FAE04EC0-301F-11D3-BF4B-00C04F79EFBC}") = "Unity.2D.SpriteShape.Editor", "Unity.2D.SpriteShape.Editor.csproj", "{226A7D91-45FB-0F0E-24AE-9B8BA5CEF3F4}"
EndProject
Project("{FAE04EC0-301F-11D3-BF4B-00C04F79EFBC}") = "Unity.CollabProxy.Editor", "Unity.CollabProxy.Editor.csproj", "{FCA80A69-E73D-CEF3-652B-18CE742C9AD0}"
EndProject
Project("{FAE04EC0-301F-11D3-BF4B-00C04F79EFBC}") = "PsdPlugin", "PsdPlugin.csproj", "{4CC25CAE-FB47-6FF3-E6E9-E7EFBBB637AE}"
EndProject
Project("{FAE04EC0-301F-11D3-BF4B-00C04F79EFBC}") = "Unity.2D.Path.Editor", "Unity.2D.Path.Editor.csproj", "{BD912E19-73E4-29F8-EADF-E1CA5197207D}"
EndProject
Project("{FAE04EC0-301F-11D3-BF4B-00C04F79EFBC}") = "Unity.Rider.Editor", "Unity.Rider.Editor.csproj", "{6C10F6D8-DE4D-9D23-2862-E6D090F7665A}"
EndProject
Project("{FAE04EC0-301F-11D3-BF4B-00C04F79EFBC}") = "Unity.2D.IK.Editor", "Unity.2D.IK.Editor.csproj", "{1E8AF5E4-FE6E-97B6-6679-F1EC3A8A6EB0}"
EndProject
Project("{FAE04EC0-301F-11D3-BF4B-00C04F79EFBC}") = "Unity.2D.Sprite.Editor", "Unity.2D.Sprite.Editor.csproj", "{EE09259B-00DE-4964-4F0D-B9514AEFE443}"
EndProject
Project("{FAE04EC0-301F-11D3-BF4B-00C04F79EFBC}") = "Unity.2D.Tilemap.Editor", "Unity.2D.Tilemap.Editor.csproj", "{D94048D4-2205-DAF4-5C2A-F1CDD951F45E}"
EndProject
Project("{FAE04EC0-301F-11D3-BF4B-00C04F79EFBC}") = "Unity.2D.PixelPerfect.Editor", "Unity.2D.PixelPerfect.Editor.csproj", "{A2CAF035-F401-1DB4-4BE4-667777E0978A}"
EndProject
Project("{FAE04EC0-301F-11D3-BF4B-00C04F79EFBC}") = "Unity.VSCode.Editor", "Unity.VSCode.Editor.csproj", "{4CADD947-AD2A-FF2E-AE5D-886FD8F9E8FA}"
EndProject
Project("{FAE04EC0-301F-11D3-BF4B-00C04F79EFBC}") = "Unity.2D.Common.Editor", "Unity.2D.Common.Editor.csproj", "{F8E23B00-34C5-BE88-63E4-8FF802E8675B}"
EndProject
Project("{FAE04EC0-301F-11D3-BF4B-00C04F79EFBC}") = "Unity.Mathematics.Editor", "Unity.Mathematics.Editor.csproj", "{2DD00465-11ED-4378-696B-16A70244D20A}"
EndProject
Project("{FAE04EC0-301F-11D3-BF4B-00C04F79EFBC}") = "Unity.InternalAPIEditorBridge.001", "Unity.InternalAPIEditorBridge.001.csproj", "{34BB71E9-52D4-2834-A57C-BCC6D1276406}"
EndProject
Project("{FAE04EC0-301F-11D3-BF4B-00C04F79EFBC}") = "UnityEngine.TestRunner", "UnityEngine.TestRunner.Player.csproj", "{E230B654-4A88-E216-0EF8-24A2104B57F8}"
EndProject
Project("{FAE04EC0-301F-11D3-BF4B-00C04F79EFBC}") = "Unity.Mathematics", "Unity.Mathematics.Player.csproj", "{EE3575D5-BCC9-F837-8007-1BA9B7FF71F6}"
EndProject
Project("{FAE04EC0-301F-11D3-BF4B-00C04F79EFBC}") = "Unity.2D.Animation.Triangle.Runtime", "Unity.2D.Animation.Triangle.Runtime.Player.csproj", "{56BF04BB-CE3E-0900-C5F6-BDBE458310C4}"
EndProject
Project("{FAE04EC0-301F-11D3-BF4B-00C04F79EFBC}") = "Unity.Timeline", "Unity.Timeline.Player.csproj", "{7C4FD71A-83CC-B633-AEF0-92B4FB55D1BD}"
EndProject
Project("{FAE04EC0-301F-11D3-BF4B-00C04F79EFBC}") = "UnityEngine.UI", "UnityEngine.UI.Player.csproj", "{03A41554-DA18-E712-EAF0-8D027B0C341A}"
EndProject
Project("{FAE04EC0-301F-11D3-BF4B-00C04F79EFBC}") = "Unity.TextMeshPro", "Unity.TextMeshPro.Player.csproj", "{CA7267B0-2565-1E40-89C6-E13EB472939B}"
EndProject
Project("{FAE04EC0-301F-11D3-BF4B-00C04F79EFBC}") = "Unity.2D.Animation.Runtime", "Unity.2D.Animation.Runtime.Player.csproj", "{6C9B3B7E-1D8A-630F-9D14-DF1E9AE1C121}"
EndProject
Project("{FAE04EC0-301F-11D3-BF4B-00C04F79EFBC}") = "Unity.2D.IK.Runtime", "Unity.2D.IK.Runtime.Player.csproj", "{F1199537-3F89-401D-4311-26FE27171D29}"
EndProject
Project("{FAE04EC0-301F-11D3-BF4B-00C04F79EFBC}") = "Unity.2D.SpriteShape.Runtime", "Unity.2D.SpriteShape.Runtime.Player.csproj", "{89DB75EE-7B3E-0A05-0BD5-BF8CEDE81DAC}"
EndProject
Project("{FAE04EC0-301F-11D3-BF4B-00C04F79EFBC}") = "Unity.2D.PixelPerfect", "Unity.2D.PixelPerfect.Player.csproj", "{F3974FD0-AF06-75A6-6D47-408ED7D7F2F8}"
EndProject
Project("{FAE04EC0-301F-11D3-BF4B-00C04F79EFBC}") = "Assembly-CSharp", "Assembly-CSharp.Player.csproj", "{2BA0CD44-05CF-5A03-5E53-614498E820C2}"
EndProject
Project("{FAE04EC0-301F-11D3-BF4B-00C04F79EFBC}") = "Unity.2D.Common.Runtime", "Unity.2D.Common.Runtime.Player.csproj", "{4C7B71F9-9D92-12AB-352E-E8F6E14571CC}"
EndProject
Project("{FAE04EC0-301F-11D3-BF4B-00C04F79EFBC}") = "Unity.InternalAPIEngineBridge.001", "Unity.InternalAPIEngineBridge.001.Player.csproj", "{B0061D58-8BB3-361A-05FF-630A4725B918}"
EndProject
Global
	GlobalSection(SolutionConfigurationPlatforms) = preSolution
		Debug|Any CPU = Debug|Any CPU
		Release|Any CPU = Release|Any CPU
	EndGlobalSection
	GlobalSection(ProjectConfigurationPlatforms) = postSolution
		{F367CC2B-6C51-556D-3FB0-A9054A6F83C9}.Debug|Any CPU.ActiveCfg = Debug|Any CPU
		{F367CC2B-6C51-556D-3FB0-A9054A6F83C9}.Debug|Any CPU.Build.0 = Debug|Any CPU
		{F367CC2B-6C51-556D-3FB0-A9054A6F83C9}.Release|Any CPU.ActiveCfg = Release|Any CPU
		{F367CC2B-6C51-556D-3FB0-A9054A6F83C9}.Release|Any CPU.Build.0 = Release|Any CPU
		{BB094C47-D511-04DC-2B2F-61DED0FAFE6F}.Debug|Any CPU.ActiveCfg = Debug|Any CPU
		{BB094C47-D511-04DC-2B2F-61DED0FAFE6F}.Debug|Any CPU.Build.0 = Debug|Any CPU
		{BB094C47-D511-04DC-2B2F-61DED0FAFE6F}.Release|Any CPU.ActiveCfg = Release|Any CPU
		{BB094C47-D511-04DC-2B2F-61DED0FAFE6F}.Release|Any CPU.Build.0 = Release|Any CPU
		{1B37B586-7E71-01C4-957A-286305982B34}.Debug|Any CPU.ActiveCfg = Debug|Any CPU
		{1B37B586-7E71-01C4-957A-286305982B34}.Debug|Any CPU.Build.0 = Debug|Any CPU
		{1B37B586-7E71-01C4-957A-286305982B34}.Release|Any CPU.ActiveCfg = Release|Any CPU
		{1B37B586-7E71-01C4-957A-286305982B34}.Release|Any CPU.Build.0 = Release|Any CPU
		{075255AA-243C-B4AA-72C1-69EFA4124BE2}.Debug|Any CPU.ActiveCfg = Debug|Any CPU
		{075255AA-243C-B4AA-72C1-69EFA4124BE2}.Debug|Any CPU.Build.0 = Debug|Any CPU
		{075255AA-243C-B4AA-72C1-69EFA4124BE2}.Release|Any CPU.ActiveCfg = Release|Any CPU
		{075255AA-243C-B4AA-72C1-69EFA4124BE2}.Release|Any CPU.Build.0 = Release|Any CPU
		{C8C31545-DD2F-9AD2-B96A-0E2E07658763}.Debug|Any CPU.ActiveCfg = Debug|Any CPU
		{C8C31545-DD2F-9AD2-B96A-0E2E07658763}.Debug|Any CPU.Build.0 = Debug|Any CPU
		{C8C31545-DD2F-9AD2-B96A-0E2E07658763}.Release|Any CPU.ActiveCfg = Release|Any CPU
		{C8C31545-DD2F-9AD2-B96A-0E2E07658763}.Release|Any CPU.Build.0 = Release|Any CPU
		{5A5047F2-BBDE-3B27-E921-B76FD53479B5}.Debug|Any CPU.ActiveCfg = Debug|Any CPU
		{5A5047F2-BBDE-3B27-E921-B76FD53479B5}.Debug|Any CPU.Build.0 = Debug|Any CPU
		{5A5047F2-BBDE-3B27-E921-B76FD53479B5}.Release|Any CPU.ActiveCfg = Release|Any CPU
		{5A5047F2-BBDE-3B27-E921-B76FD53479B5}.Release|Any CPU.Build.0 = Release|Any CPU
		{413058CB-EF74-2D61-23CB-29CE97580DC6}.Debug|Any CPU.ActiveCfg = Debug|Any CPU
		{413058CB-EF74-2D61-23CB-29CE97580DC6}.Debug|Any CPU.Build.0 = Debug|Any CPU
		{413058CB-EF74-2D61-23CB-29CE97580DC6}.Release|Any CPU.ActiveCfg = Release|Any CPU
		{413058CB-EF74-2D61-23CB-29CE97580DC6}.Release|Any CPU.Build.0 = Release|Any CPU
		{B76412D5-7082-A2CF-7A02-76A5E1FDFD9B}.Debug|Any CPU.ActiveCfg = Debug|Any CPU
		{B76412D5-7082-A2CF-7A02-76A5E1FDFD9B}.Debug|Any CPU.Build.0 = Debug|Any CPU
		{B76412D5-7082-A2CF-7A02-76A5E1FDFD9B}.Release|Any CPU.ActiveCfg = Release|Any CPU
		{B76412D5-7082-A2CF-7A02-76A5E1FDFD9B}.Release|Any CPU.Build.0 = Release|Any CPU
		{C807622C-1510-4F64-A9F0-9DC4964266E0}.Debug|Any CPU.ActiveCfg = Debug|Any CPU
		{C807622C-1510-4F64-A9F0-9DC4964266E0}.Debug|Any CPU.Build.0 = Debug|Any CPU
		{C807622C-1510-4F64-A9F0-9DC4964266E0}.Release|Any CPU.ActiveCfg = Release|Any CPU
		{C807622C-1510-4F64-A9F0-9DC4964266E0}.Release|Any CPU.Build.0 = Release|Any CPU
		{04543D9E-C982-FA97-858C-65EBE2DFDFBA}.Debug|Any CPU.ActiveCfg = Debug|Any CPU
		{04543D9E-C982-FA97-858C-65EBE2DFDFBA}.Debug|Any CPU.Build.0 = Debug|Any CPU
		{04543D9E-C982-FA97-858C-65EBE2DFDFBA}.Release|Any CPU.ActiveCfg = Release|Any CPU
		{04543D9E-C982-FA97-858C-65EBE2DFDFBA}.Release|Any CPU.Build.0 = Release|Any CPU
		{238729E6-F7DC-565A-77C1-B4995DB0BA0B}.Debug|Any CPU.ActiveCfg = Debug|Any CPU
		{238729E6-F7DC-565A-77C1-B4995DB0BA0B}.Debug|Any CPU.Build.0 = Debug|Any CPU
		{238729E6-F7DC-565A-77C1-B4995DB0BA0B}.Release|Any CPU.ActiveCfg = Release|Any CPU
		{238729E6-F7DC-565A-77C1-B4995DB0BA0B}.Release|Any CPU.Build.0 = Release|Any CPU
		{1D47A6BA-9692-0CBE-016B-48C991034012}.Debug|Any CPU.ActiveCfg = Debug|Any CPU
		{1D47A6BA-9692-0CBE-016B-48C991034012}.Debug|Any CPU.Build.0 = Debug|Any CPU
		{1D47A6BA-9692-0CBE-016B-48C991034012}.Release|Any CPU.ActiveCfg = Release|Any CPU
		{1D47A6BA-9692-0CBE-016B-48C991034012}.Release|Any CPU.Build.0 = Release|Any CPU
		{0C175B99-A870-941E-1FFA-4BC731D35590}.Debug|Any CPU.ActiveCfg = Debug|Any CPU
		{0C175B99-A870-941E-1FFA-4BC731D35590}.Debug|Any CPU.Build.0 = Debug|Any CPU
		{0C175B99-A870-941E-1FFA-4BC731D35590}.Release|Any CPU.ActiveCfg = Release|Any CPU
		{0C175B99-A870-941E-1FFA-4BC731D35590}.Release|Any CPU.Build.0 = Release|Any CPU
		{18C7CCB3-2172-3855-9E44-51FE8E9E68BE}.Debug|Any CPU.ActiveCfg = Debug|Any CPU
		{18C7CCB3-2172-3855-9E44-51FE8E9E68BE}.Debug|Any CPU.Build.0 = Debug|Any CPU
		{18C7CCB3-2172-3855-9E44-51FE8E9E68BE}.Release|Any CPU.ActiveCfg = Release|Any CPU
		{18C7CCB3-2172-3855-9E44-51FE8E9E68BE}.Release|Any CPU.Build.0 = Release|Any CPU
		{80AE4324-9501-564C-0B2D-18C6C7979D4D}.Debug|Any CPU.ActiveCfg = Debug|Any CPU
		{80AE4324-9501-564C-0B2D-18C6C7979D4D}.Debug|Any CPU.Build.0 = Debug|Any CPU
		{80AE4324-9501-564C-0B2D-18C6C7979D4D}.Release|Any CPU.ActiveCfg = Release|Any CPU
		{80AE4324-9501-564C-0B2D-18C6C7979D4D}.Release|Any CPU.Build.0 = Release|Any CPU
		{7831FFF1-C647-5A33-D227-ED5DE65FAFDE}.Debug|Any CPU.ActiveCfg = Debug|Any CPU
		{7831FFF1-C647-5A33-D227-ED5DE65FAFDE}.Debug|Any CPU.Build.0 = Debug|Any CPU
		{7831FFF1-C647-5A33-D227-ED5DE65FAFDE}.Release|Any CPU.ActiveCfg = Release|Any CPU
		{7831FFF1-C647-5A33-D227-ED5DE65FAFDE}.Release|Any CPU.Build.0 = Release|Any CPU
		{0DF8877D-F079-8D61-CBB3-426967EC77B2}.Debug|Any CPU.ActiveCfg = Debug|Any CPU
		{0DF8877D-F079-8D61-CBB3-426967EC77B2}.Debug|Any CPU.Build.0 = Debug|Any CPU
		{0DF8877D-F079-8D61-CBB3-426967EC77B2}.Release|Any CPU.ActiveCfg = Release|Any CPU
		{0DF8877D-F079-8D61-CBB3-426967EC77B2}.Release|Any CPU.Build.0 = Release|Any CPU
		{2352B104-D133-7EF6-1A81-73F8AA50830B}.Debug|Any CPU.ActiveCfg = Debug|Any CPU
		{2352B104-D133-7EF6-1A81-73F8AA50830B}.Debug|Any CPU.Build.0 = Debug|Any CPU
		{2352B104-D133-7EF6-1A81-73F8AA50830B}.Release|Any CPU.ActiveCfg = Release|Any CPU
		{2352B104-D133-7EF6-1A81-73F8AA50830B}.Release|Any CPU.Build.0 = Release|Any CPU
		{7A3FCE9B-714F-1A35-289C-5FF9D469A198}.Debug|Any CPU.ActiveCfg = Debug|Any CPU
		{7A3FCE9B-714F-1A35-289C-5FF9D469A198}.Debug|Any CPU.Build.0 = Debug|Any CPU
		{7A3FCE9B-714F-1A35-289C-5FF9D469A198}.Release|Any CPU.ActiveCfg = Release|Any CPU
		{7A3FCE9B-714F-1A35-289C-5FF9D469A198}.Release|Any CPU.Build.0 = Release|Any CPU
		{C0BBAA50-7501-C45D-8E27-5AED8D6DF84D}.Debug|Any CPU.ActiveCfg = Debug|Any CPU
		{C0BBAA50-7501-C45D-8E27-5AED8D6DF84D}.Debug|Any CPU.Build.0 = Debug|Any CPU
		{C0BBAA50-7501-C45D-8E27-5AED8D6DF84D}.Release|Any CPU.ActiveCfg = Release|Any CPU
		{C0BBAA50-7501-C45D-8E27-5AED8D6DF84D}.Release|Any CPU.Build.0 = Release|Any CPU
		{1551BC4F-82B9-91F8-1F0E-0EBD754FB74C}.Debug|Any CPU.ActiveCfg = Debug|Any CPU
		{1551BC4F-82B9-91F8-1F0E-0EBD754FB74C}.Debug|Any CPU.Build.0 = Debug|Any CPU
		{1551BC4F-82B9-91F8-1F0E-0EBD754FB74C}.Release|Any CPU.ActiveCfg = Release|Any CPU
		{1551BC4F-82B9-91F8-1F0E-0EBD754FB74C}.Release|Any CPU.Build.0 = Release|Any CPU
		{EEEF52CB-F7B9-D507-2CC8-C5D55C79D832}.Debug|Any CPU.ActiveCfg = Debug|Any CPU
		{EEEF52CB-F7B9-D507-2CC8-C5D55C79D832}.Debug|Any CPU.Build.0 = Debug|Any CPU
		{EEEF52CB-F7B9-D507-2CC8-C5D55C79D832}.Release|Any CPU.ActiveCfg = Release|Any CPU
		{EEEF52CB-F7B9-D507-2CC8-C5D55C79D832}.Release|Any CPU.Build.0 = Release|Any CPU
		{226A7D91-45FB-0F0E-24AE-9B8BA5CEF3F4}.Debug|Any CPU.ActiveCfg = Debug|Any CPU
		{226A7D91-45FB-0F0E-24AE-9B8BA5CEF3F4}.Debug|Any CPU.Build.0 = Debug|Any CPU
		{226A7D91-45FB-0F0E-24AE-9B8BA5CEF3F4}.Release|Any CPU.ActiveCfg = Release|Any CPU
		{226A7D91-45FB-0F0E-24AE-9B8BA5CEF3F4}.Release|Any CPU.Build.0 = Release|Any CPU
		{FCA80A69-E73D-CEF3-652B-18CE742C9AD0}.Debug|Any CPU.ActiveCfg = Debug|Any CPU
		{FCA80A69-E73D-CEF3-652B-18CE742C9AD0}.Debug|Any CPU.Build.0 = Debug|Any CPU
		{FCA80A69-E73D-CEF3-652B-18CE742C9AD0}.Release|Any CPU.ActiveCfg = Release|Any CPU
		{FCA80A69-E73D-CEF3-652B-18CE742C9AD0}.Release|Any CPU.Build.0 = Release|Any CPU
		{4CC25CAE-FB47-6FF3-E6E9-E7EFBBB637AE}.Debug|Any CPU.ActiveCfg = Debug|Any CPU
		{4CC25CAE-FB47-6FF3-E6E9-E7EFBBB637AE}.Debug|Any CPU.Build.0 = Debug|Any CPU
		{4CC25CAE-FB47-6FF3-E6E9-E7EFBBB637AE}.Release|Any CPU.ActiveCfg = Release|Any CPU
		{4CC25CAE-FB47-6FF3-E6E9-E7EFBBB637AE}.Release|Any CPU.Build.0 = Release|Any CPU
		{BD912E19-73E4-29F8-EADF-E1CA5197207D}.Debug|Any CPU.ActiveCfg = Debug|Any CPU
		{BD912E19-73E4-29F8-EADF-E1CA5197207D}.Debug|Any CPU.Build.0 = Debug|Any CPU
		{BD912E19-73E4-29F8-EADF-E1CA5197207D}.Release|Any CPU.ActiveCfg = Release|Any CPU
		{BD912E19-73E4-29F8-EADF-E1CA5197207D}.Release|Any CPU.Build.0 = Release|Any CPU
		{6C10F6D8-DE4D-9D23-2862-E6D090F7665A}.Debug|Any CPU.ActiveCfg = Debug|Any CPU
		{6C10F6D8-DE4D-9D23-2862-E6D090F7665A}.Debug|Any CPU.Build.0 = Debug|Any CPU
		{6C10F6D8-DE4D-9D23-2862-E6D090F7665A}.Release|Any CPU.ActiveCfg = Release|Any CPU
		{6C10F6D8-DE4D-9D23-2862-E6D090F7665A}.Release|Any CPU.Build.0 = Release|Any CPU
		{1E8AF5E4-FE6E-97B6-6679-F1EC3A8A6EB0}.Debug|Any CPU.ActiveCfg = Debug|Any CPU
		{1E8AF5E4-FE6E-97B6-6679-F1EC3A8A6EB0}.Debug|Any CPU.Build.0 = Debug|Any CPU
		{1E8AF5E4-FE6E-97B6-6679-F1EC3A8A6EB0}.Release|Any CPU.ActiveCfg = Release|Any CPU
		{1E8AF5E4-FE6E-97B6-6679-F1EC3A8A6EB0}.Release|Any CPU.Build.0 = Release|Any CPU
		{EE09259B-00DE-4964-4F0D-B9514AEFE443}.Debug|Any CPU.ActiveCfg = Debug|Any CPU
		{EE09259B-00DE-4964-4F0D-B9514AEFE443}.Debug|Any CPU.Build.0 = Debug|Any CPU
		{EE09259B-00DE-4964-4F0D-B9514AEFE443}.Release|Any CPU.ActiveCfg = Release|Any CPU
		{EE09259B-00DE-4964-4F0D-B9514AEFE443}.Release|Any CPU.Build.0 = Release|Any CPU
		{D94048D4-2205-DAF4-5C2A-F1CDD951F45E}.Debug|Any CPU.ActiveCfg = Debug|Any CPU
		{D94048D4-2205-DAF4-5C2A-F1CDD951F45E}.Debug|Any CPU.Build.0 = Debug|Any CPU
		{D94048D4-2205-DAF4-5C2A-F1CDD951F45E}.Release|Any CPU.ActiveCfg = Release|Any CPU
		{D94048D4-2205-DAF4-5C2A-F1CDD951F45E}.Release|Any CPU.Build.0 = Release|Any CPU
		{A2CAF035-F401-1DB4-4BE4-667777E0978A}.Debug|Any CPU.ActiveCfg = Debug|Any CPU
		{A2CAF035-F401-1DB4-4BE4-667777E0978A}.Debug|Any CPU.Build.0 = Debug|Any CPU
		{A2CAF035-F401-1DB4-4BE4-667777E0978A}.Release|Any CPU.ActiveCfg = Release|Any CPU
		{A2CAF035-F401-1DB4-4BE4-667777E0978A}.Release|Any CPU.Build.0 = Release|Any CPU
		{4CADD947-AD2A-FF2E-AE5D-886FD8F9E8FA}.Debug|Any CPU.ActiveCfg = Debug|Any CPU
		{4CADD947-AD2A-FF2E-AE5D-886FD8F9E8FA}.Debug|Any CPU.Build.0 = Debug|Any CPU
		{4CADD947-AD2A-FF2E-AE5D-886FD8F9E8FA}.Release|Any CPU.ActiveCfg = Release|Any CPU
		{4CADD947-AD2A-FF2E-AE5D-886FD8F9E8FA}.Release|Any CPU.Build.0 = Release|Any CPU
		{F8E23B00-34C5-BE88-63E4-8FF802E8675B}.Debug|Any CPU.ActiveCfg = Debug|Any CPU
		{F8E23B00-34C5-BE88-63E4-8FF802E8675B}.Debug|Any CPU.Build.0 = Debug|Any CPU
		{F8E23B00-34C5-BE88-63E4-8FF802E8675B}.Release|Any CPU.ActiveCfg = Release|Any CPU
		{F8E23B00-34C5-BE88-63E4-8FF802E8675B}.Release|Any CPU.Build.0 = Release|Any CPU
		{2DD00465-11ED-4378-696B-16A70244D20A}.Debug|Any CPU.ActiveCfg = Debug|Any CPU
		{2DD00465-11ED-4378-696B-16A70244D20A}.Debug|Any CPU.Build.0 = Debug|Any CPU
		{2DD00465-11ED-4378-696B-16A70244D20A}.Release|Any CPU.ActiveCfg = Release|Any CPU
		{2DD00465-11ED-4378-696B-16A70244D20A}.Release|Any CPU.Build.0 = Release|Any CPU
		{34BB71E9-52D4-2834-A57C-BCC6D1276406}.Debug|Any CPU.ActiveCfg = Debug|Any CPU
		{34BB71E9-52D4-2834-A57C-BCC6D1276406}.Debug|Any CPU.Build.0 = Debug|Any CPU
		{34BB71E9-52D4-2834-A57C-BCC6D1276406}.Release|Any CPU.ActiveCfg = Release|Any CPU
		{34BB71E9-52D4-2834-A57C-BCC6D1276406}.Release|Any CPU.Build.0 = Release|Any CPU
		{E230B654-4A88-E216-0EF8-24A2104B57F8}.Debug|Any CPU.ActiveCfg = Debug|Any CPU
		{E230B654-4A88-E216-0EF8-24A2104B57F8}.Debug|Any CPU.Build.0 = Debug|Any CPU
		{E230B654-4A88-E216-0EF8-24A2104B57F8}.Release|Any CPU.ActiveCfg = Release|Any CPU
		{E230B654-4A88-E216-0EF8-24A2104B57F8}.Release|Any CPU.Build.0 = Release|Any CPU
		{EE3575D5-BCC9-F837-8007-1BA9B7FF71F6}.Debug|Any CPU.ActiveCfg = Debug|Any CPU
		{EE3575D5-BCC9-F837-8007-1BA9B7FF71F6}.Debug|Any CPU.Build.0 = Debug|Any CPU
		{EE3575D5-BCC9-F837-8007-1BA9B7FF71F6}.Release|Any CPU.ActiveCfg = Release|Any CPU
		{EE3575D5-BCC9-F837-8007-1BA9B7FF71F6}.Release|Any CPU.Build.0 = Release|Any CPU
		{56BF04BB-CE3E-0900-C5F6-BDBE458310C4}.Debug|Any CPU.ActiveCfg = Debug|Any CPU
		{56BF04BB-CE3E-0900-C5F6-BDBE458310C4}.Debug|Any CPU.Build.0 = Debug|Any CPU
		{56BF04BB-CE3E-0900-C5F6-BDBE458310C4}.Release|Any CPU.ActiveCfg = Release|Any CPU
		{56BF04BB-CE3E-0900-C5F6-BDBE458310C4}.Release|Any CPU.Build.0 = Release|Any CPU
		{7C4FD71A-83CC-B633-AEF0-92B4FB55D1BD}.Debug|Any CPU.ActiveCfg = Debug|Any CPU
		{7C4FD71A-83CC-B633-AEF0-92B4FB55D1BD}.Debug|Any CPU.Build.0 = Debug|Any CPU
		{7C4FD71A-83CC-B633-AEF0-92B4FB55D1BD}.Release|Any CPU.ActiveCfg = Release|Any CPU
		{7C4FD71A-83CC-B633-AEF0-92B4FB55D1BD}.Release|Any CPU.Build.0 = Release|Any CPU
		{03A41554-DA18-E712-EAF0-8D027B0C341A}.Debug|Any CPU.ActiveCfg = Debug|Any CPU
		{03A41554-DA18-E712-EAF0-8D027B0C341A}.Debug|Any CPU.Build.0 = Debug|Any CPU
		{03A41554-DA18-E712-EAF0-8D027B0C341A}.Release|Any CPU.ActiveCfg = Release|Any CPU
		{03A41554-DA18-E712-EAF0-8D027B0C341A}.Release|Any CPU.Build.0 = Release|Any CPU
		{CA7267B0-2565-1E40-89C6-E13EB472939B}.Debug|Any CPU.ActiveCfg = Debug|Any CPU
		{CA7267B0-2565-1E40-89C6-E13EB472939B}.Debug|Any CPU.Build.0 = Debug|Any CPU
		{CA7267B0-2565-1E40-89C6-E13EB472939B}.Release|Any CPU.ActiveCfg = Release|Any CPU
		{CA7267B0-2565-1E40-89C6-E13EB472939B}.Release|Any CPU.Build.0 = Release|Any CPU
		{6C9B3B7E-1D8A-630F-9D14-DF1E9AE1C121}.Debug|Any CPU.ActiveCfg = Debug|Any CPU
		{6C9B3B7E-1D8A-630F-9D14-DF1E9AE1C121}.Debug|Any CPU.Build.0 = Debug|Any CPU
		{6C9B3B7E-1D8A-630F-9D14-DF1E9AE1C121}.Release|Any CPU.ActiveCfg = Release|Any CPU
		{6C9B3B7E-1D8A-630F-9D14-DF1E9AE1C121}.Release|Any CPU.Build.0 = Release|Any CPU
		{F1199537-3F89-401D-4311-26FE27171D29}.Debug|Any CPU.ActiveCfg = Debug|Any CPU
		{F1199537-3F89-401D-4311-26FE27171D29}.Debug|Any CPU.Build.0 = Debug|Any CPU
		{F1199537-3F89-401D-4311-26FE27171D29}.Release|Any CPU.ActiveCfg = Release|Any CPU
		{F1199537-3F89-401D-4311-26FE27171D29}.Release|Any CPU.Build.0 = Release|Any CPU
		{89DB75EE-7B3E-0A05-0BD5-BF8CEDE81DAC}.Debug|Any CPU.ActiveCfg = Debug|Any CPU
		{89DB75EE-7B3E-0A05-0BD5-BF8CEDE81DAC}.Debug|Any CPU.Build.0 = Debug|Any CPU
		{89DB75EE-7B3E-0A05-0BD5-BF8CEDE81DAC}.Release|Any CPU.ActiveCfg = Release|Any CPU
		{89DB75EE-7B3E-0A05-0BD5-BF8CEDE81DAC}.Release|Any CPU.Build.0 = Release|Any CPU
		{F3974FD0-AF06-75A6-6D47-408ED7D7F2F8}.Debug|Any CPU.ActiveCfg = Debug|Any CPU
		{F3974FD0-AF06-75A6-6D47-408ED7D7F2F8}.Debug|Any CPU.Build.0 = Debug|Any CPU
		{F3974FD0-AF06-75A6-6D47-408ED7D7F2F8}.Release|Any CPU.ActiveCfg = Release|Any CPU
		{F3974FD0-AF06-75A6-6D47-408ED7D7F2F8}.Release|Any CPU.Build.0 = Release|Any CPU
		{2BA0CD44-05CF-5A03-5E53-614498E820C2}.Debug|Any CPU.ActiveCfg = Debug|Any CPU
		{2BA0CD44-05CF-5A03-5E53-614498E820C2}.Debug|Any CPU.Build.0 = Debug|Any CPU
		{2BA0CD44-05CF-5A03-5E53-614498E820C2}.Release|Any CPU.ActiveCfg = Release|Any CPU
		{2BA0CD44-05CF-5A03-5E53-614498E820C2}.Release|Any CPU.Build.0 = Release|Any CPU
		{4C7B71F9-9D92-12AB-352E-E8F6E14571CC}.Debug|Any CPU.ActiveCfg = Debug|Any CPU
		{4C7B71F9-9D92-12AB-352E-E8F6E14571CC}.Debug|Any CPU.Build.0 = Debug|Any CPU
		{4C7B71F9-9D92-12AB-352E-E8F6E14571CC}.Release|Any CPU.ActiveCfg = Release|Any CPU
		{4C7B71F9-9D92-12AB-352E-E8F6E14571CC}.Release|Any CPU.Build.0 = Release|Any CPU
		{B0061D58-8BB3-361A-05FF-630A4725B918}.Debug|Any CPU.ActiveCfg = Debug|Any CPU
		{B0061D58-8BB3-361A-05FF-630A4725B918}.Debug|Any CPU.Build.0 = Debug|Any CPU
		{B0061D58-8BB3-361A-05FF-630A4725B918}.Release|Any CPU.ActiveCfg = Release|Any CPU
		{B0061D58-8BB3-361A-05FF-630A4725B918}.Release|Any CPU.Build.0 = Release|Any CPU
	EndGlobalSection
	GlobalSection(SolutionProperties) = preSolution
		HideSolutionNode = FALSE
	EndGlobalSection
EndGlobal
